// !$*UTF8*$!
{
	archiveVersion = 1;
	classes = {
	};
	objectVersion = 46;
	objects = {

/* Begin PBXBuildFile section */
		018FAAF61B2EF48E00AB31F1 /* main.m in Sources */ = {isa = PBXBuildFile; fileRef = 018FAAF51B2EF48E00AB31F1 /* main.m */; };
		018FAAF91B2EF48E00AB31F1 /* AppDelegate.m in Sources */ = {isa = PBXBuildFile; fileRef = 018FAAF81B2EF48E00AB31F1 /* AppDelegate.m */; };
		018FAAFC1B2EF48E00AB31F1 /* ViewController.m in Sources */ = {isa = PBXBuildFile; fileRef = 018FAAFB1B2EF48E00AB31F1 /* ViewController.m */; };
		018FAAFF1B2EF48E00AB31F1 /* Main.storyboard in Resources */ = {isa = PBXBuildFile; fileRef = 018FAAFD1B2EF48E00AB31F1 /* Main.storyboard */; };
		018FAB011B2EF48E00AB31F1 /* Images.xcassets in Resources */ = {isa = PBXBuildFile; fileRef = 018FAB001B2EF48E00AB31F1 /* Images.xcassets */; };
		018FAB041B2EF48E00AB31F1 /* LaunchScreen.xib in Resources */ = {isa = PBXBuildFile; fileRef = 018FAB021B2EF48E00AB31F1 /* LaunchScreen.xib */; };
		018FAB101B2EF48E00AB31F1 /* RottenTomatoesTests.m in Sources */ = {isa = PBXBuildFile; fileRef = 018FAB0F1B2EF48E00AB31F1 /* RottenTomatoesTests.m */; };
/* End PBXBuildFile section */

/* Begin PBXContainerItemProxy section */
		018FAB0A1B2EF48E00AB31F1 /* PBXContainerItemProxy */ = {
			isa = PBXContainerItemProxy;
			containerPortal = 018FAAE81B2EF48E00AB31F1 /* Project object */;
			proxyType = 1;
			remoteGlobalIDString = 018FAAEF1B2EF48E00AB31F1;
			remoteInfo = RottenTomatoes;
		};
/* End PBXContainerItemProxy section */

/* Begin PBXFileReference section */
		018FAAF01B2EF48E00AB31F1 /* RottenTomatoes.app */ = {isa = PBXFileReference; explicitFileType = wrapper.application; includeInIndex = 0; path = RottenTomatoes.app; sourceTree = BUILT_PRODUCTS_DIR; };
		018FAAF41B2EF48E00AB31F1 /* Info.plist */ = {isa = PBXFileReference; lastKnownFileType = text.plist.xml; path = Info.plist; sourceTree = "<group>"; };
		018FAAF51B2EF48E00AB31F1 /* main.m */ = {isa = PBXFileReference; lastKnownFileType = sourcecode.c.objc; path = main.m; sourceTree = "<group>"; };
		018FAAF71B2EF48E00AB31F1 /* AppDelegate.h */ = {isa = PBXFileReference; lastKnownFileType = sourcecode.c.h; path = AppDelegate.h; sourceTree = "<group>"; };
		018FAAF81B2EF48E00AB31F1 /* AppDelegate.m */ = {isa = PBXFileReference; lastKnownFileType = sourcecode.c.objc; path = AppDelegate.m; sourceTree = "<group>"; };
		018FAAFA1B2EF48E00AB31F1 /* ViewController.h */ = {isa = PBXFileReference; lastKnownFileType = sourcecode.c.h; path = ViewController.h; sourceTree = "<group>"; };
		018FAAFB1B2EF48E00AB31F1 /* ViewController.m */ = {isa = PBXFileReference; lastKnownFileType = sourcecode.c.objc; path = ViewController.m; sourceTree = "<group>"; };
		018FAAFE1B2EF48E00AB31F1 /* Base */ = {isa = PBXFileReference; lastKnownFileType = file.storyboard; name = Base; path = Base.lproj/Main.storyboard; sourceTree = "<group>"; };
		018FAB001B2EF48E00AB31F1 /* Images.xcassets */ = {isa = PBXFileReference; lastKnownFileType = folder.assetcatalog; path = Images.xcassets; sourceTree = "<group>"; };
		018FAB031B2EF48E00AB31F1 /* Base */ = {isa = PBXFileReference; lastKnownFileType = file.xib; name = Base; path = Base.lproj/LaunchScreen.xib; sourceTree = "<group>"; };
		018FAB091B2EF48E00AB31F1 /* RottenTomatoesTests.xctest */ = {isa = PBXFileReference; explicitFileType = wrapper.cfbundle; includeInIndex = 0; path = RottenTomatoesTests.xctest; sourceTree = BUILT_PRODUCTS_DIR; };
		018FAB0E1B2EF48E00AB31F1 /* Info.plist */ = {isa = PBXFileReference; lastKnownFileType = text.plist.xml; path = Info.plist; sourceTree = "<group>"; };
		018FAB0F1B2EF48E00AB31F1 /* RottenTomatoesTests.m */ = {isa = PBXFileReference; lastKnownFileType = sourcecode.c.objc; path = RottenTomatoesTests.m; sourceTree = "<group>"; };
/* End PBXFileReference section */

/* Begin PBXFrameworksBuildPhase section */
		018FAAED1B2EF48E00AB31F1 /* Frameworks */ = {
			isa = PBXFrameworksBuildPhase;
			buildActionMask = 2147483647;
			files = (
			);
			runOnlyForDeploymentPostprocessing = 0;
		};
		018FAB061B2EF48E00AB31F1 /* Frameworks */ = {
			isa = PBXFrameworksBuildPhase;
			buildActionMask = 2147483647;
			files = (
			);
			runOnlyForDeploymentPostprocessing = 0;
		};
/* End PBXFrameworksBuildPhase section */

/* Begin PBXGroup section */
		018FAAE71B2EF48E00AB31F1 = {
			isa = PBXGroup;
			children = (
				018FAAF21B2EF48E00AB31F1 /* RottenTomatoes */,
				018FAB0C1B2EF48E00AB31F1 /* RottenTomatoesTests */,
				018FAAF11B2EF48E00AB31F1 /* Products */,
			);
			sourceTree = "<group>";
		};
		018FAAF11B2EF48E00AB31F1 /* Products */ = {
			isa = PBXGroup;
			children = (
				018FAAF01B2EF48E00AB31F1 /* RottenTomatoes.app */,
				018FAB091B2EF48E00AB31F1 /* RottenTomatoesTests.xctest */,
			);
			name = Products;
			sourceTree = "<group>";
		};
		018FAAF21B2EF48E00AB31F1 /* RottenTomatoes */ = {
			isa = PBXGroup;
			children = (
				018FAAF71B2EF48E00AB31F1 /* AppDelegate.h */,
				018FAAF81B2EF48E00AB31F1 /* AppDelegate.m */,
				018FAAFA1B2EF48E00AB31F1 /* ViewController.h */,
				018FAAFB1B2EF48E00AB31F1 /* ViewController.m */,
				018FAAFD1B2EF48E00AB31F1 /* Main.storyboard */,
				018FAB001B2EF48E00AB31F1 /* Images.xcassets */,
				018FAB021B2EF48E00AB31F1 /* LaunchScreen.xib */,
				018FAAF31B2EF48E00AB31F1 /* Supporting Files */,
			);
			path = RottenTomatoes;
			sourceTree = "<group>";
		};
		018FAAF31B2EF48E00AB31F1 /* Supporting Files */ = {
			isa = PBXGroup;
			children = (
				018FAAF41B2EF48E00AB31F1 /* Info.plist */,
				018FAAF51B2EF48E00AB31F1 /* main.m */,
			);
			name = "Supporting Files";
			sourceTree = "<group>";
		};
		018FAB0C1B2EF48E00AB31F1 /* RottenTomatoesTests */ = {
			isa = PBXGroup;
			children = (
				018FAB0F1B2EF48E00AB31F1 /* RottenTomatoesTests.m */,
				018FAB0D1B2EF48E00AB31F1 /* Supporting Files */,
			);
			path = RottenTomatoesTests;
			sourceTree = "<group>";
		};
		018FAB0D1B2EF48E00AB31F1 /* Supporting Files */ = {
			isa = PBXGroup;
			children = (
				018FAB0E1B2EF48E00AB31F1 /* Info.plist */,
			);
			name = "Supporting Files";
			sourceTree = "<group>";
		};
/* End PBXGroup section */

/* Begin PBXNativeTarget section */
		018FAAEF1B2EF48E00AB31F1 /* RottenTomatoes */ = {
			isa = PBXNativeTarget;
			buildConfigurationList = 018FAB131B2EF48E00AB31F1 /* Build configuration list for PBXNativeTarget "RottenTomatoes" */;
			buildPhases = (
				018FAAEC1B2EF48E00AB31F1 /* Sources */,
				018FAAED1B2EF48E00AB31F1 /* Frameworks */,
				018FAAEE1B2EF48E00AB31F1 /* Resources */,
			);
			buildRules = (
			);
			dependencies = (
			);
			name = RottenTomatoes;
			productName = RottenTomatoes;
			productReference = 018FAAF01B2EF48E00AB31F1 /* RottenTomatoes.app */;
			productType = "com.apple.product-type.application";
		};
		018FAB081B2EF48E00AB31F1 /* RottenTomatoesTests */ = {
			isa = PBXNativeTarget;
			buildConfigurationList = 018FAB161B2EF48E00AB31F1 /* Build configuration list for PBXNativeTarget "RottenTomatoesTests" */;
			buildPhases = (
				018FAB051B2EF48E00AB31F1 /* Sources */,
				018FAB061B2EF48E00AB31F1 /* Frameworks */,
				018FAB071B2EF48E00AB31F1 /* Resources */,
			);
			buildRules = (
			);
			dependencies = (
				018FAB0B1B2EF48E00AB31F1 /* PBXTargetDependency */,
			);
			name = RottenTomatoesTests;
			productName = RottenTomatoesTests;
			productReference = 018FAB091B2EF48E00AB31F1 /* RottenTomatoesTests.xctest */;
			productType = "com.apple.product-type.bundle.unit-test";
		};
/* End PBXNativeTarget section */

/* Begin PBXProject section */
		018FAAE81B2EF48E00AB31F1 /* Project object */ = {
			isa = PBXProject;
			attributes = {
				LastUpgradeCheck = 0630;
				ORGANIZATIONNAME = "Taco Chang";
				TargetAttributes = {
					018FAAEF1B2EF48E00AB31F1 = {
						CreatedOnToolsVersion = 6.3.2;
					};
					018FAB081B2EF48E00AB31F1 = {
						CreatedOnToolsVersion = 6.3.2;
						TestTargetID = 018FAAEF1B2EF48E00AB31F1;
					};
				};
			};
			buildConfigurationList = 018FAAEB1B2EF48E00AB31F1 /* Build configuration list for PBXProject "RottenTomatoes" */;
			compatibilityVersion = "Xcode 3.2";
			developmentRegion = English;
			hasScannedForEncodings = 0;
			knownRegions = (
				en,
				Base,
			);
			mainGroup = 018FAAE71B2EF48E00AB31F1;
			productRefGroup = 018FAAF11B2EF48E00AB31F1 /* Products */;
			projectDirPath = "";
			projectRoot = "";
			targets = (
				018FAAEF1B2EF48E00AB31F1 /* RottenTomatoes */,
				018FAB081B2EF48E00AB31F1 /* RottenTomatoesTests */,
			);
		};
/* End PBXProject section */

/* Begin PBXResourcesBuildPhase section */
		018FAAEE1B2EF48E00AB31F1 /* Resources */ = {
			isa = PBXResourcesBuildPhase;
			buildActionMask = 2147483647;
			files = (
				018FAAFF1B2EF48E00AB31F1 /* Main.storyboard in Resources */,
				018FAB041B2EF48E00AB31F1 /* LaunchScreen.xib in Resources */,
				018FAB011B2EF48E00AB31F1 /* Images.xcassets in Resources */,
			);
			runOnlyForDeploymentPostprocessing = 0;
		};
		018FAB071B2EF48E00AB31F1 /* Resources */ = {
			isa = PBXResourcesBuildPhase;
			buildActionMask = 2147483647;
			files = (
			);
			runOnlyForDeploymentPostprocessing = 0;
		};
/* End PBXResourcesBuildPhase section */

/* Begin PBXSourcesBuildPhase section */
		018FAAEC1B2EF48E00AB31F1 /* Sources */ = {
			isa = PBXSourcesBuildPhase;
			buildActionMask = 2147483647;
			files = (
				018FAAFC1B2EF48E00AB31F1 /* ViewController.m in Sources */,
				018FAAF91B2EF48E00AB31F1 /* AppDelegate.m in Sources */,
				018FAAF61B2EF48E00AB31F1 /* main.m in Sources */,
			);
			runOnlyForDeploymentPostprocessing = 0;
		};
		018FAB051B2EF48E00AB31F1 /* Sources */ = {
			isa = PBXSourcesBuildPhase;
			buildActionMask = 2147483647;
			files = (
				018FAB101B2EF48E00AB31F1 /* RottenTomatoesTests.m in Sources */,
			);
			runOnlyForDeploymentPostprocessing = 0;
		};
/* End PBXSourcesBuildPhase section */

/* Begin PBXTargetDependency section */
		018FAB0B1B2EF48E00AB31F1 /* PBXTargetDependency */ = {
			isa = PBXTargetDependency;
			target = 018FAAEF1B2EF48E00AB31F1 /* RottenTomatoes */;
			targetProxy = 018FAB0A1B2EF48E00AB31F1 /* PBXContainerItemProxy */;
		};
/* End PBXTargetDependency section */

/* Begin PBXVariantGroup section */
		018FAAFD1B2EF48E00AB31F1 /* Main.storyboard */ = {
			isa = PBXVariantGroup;
			children = (
				018FAAFE1B2EF48E00AB31F1 /* Base */,
			);
			name = Main.storyboard;
			sourceTree = "<group>";
		};
		018FAB021B2EF48E00AB31F1 /* LaunchScreen.xib */ = {
			isa = PBXVariantGroup;
			children = (
				018FAB031B2EF48E00AB31F1 /* Base */,
			);
			name = LaunchScreen.xib;
			sourceTree = "<group>";
		};
/* End PBXVariantGroup section */

/* Begin XCBuildConfiguration section */
		018FAB111B2EF48E00AB31F1 /* Debug */ = {
			isa = XCBuildConfiguration;
			buildSettings = {
				ALWAYS_SEARCH_USER_PATHS = NO;
				CLANG_CXX_LANGUAGE_STANDARD = "gnu++0x";
				CLANG_CXX_LIBRARY = "libc++";
				CLANG_ENABLE_MODULES = YES;
				CLANG_ENABLE_OBJC_ARC = YES;
				CLANG_WARN_BOOL_CONVERSION = YES;
				CLANG_WARN_CONSTANT_CONVERSION = YES;
				CLANG_WARN_DIRECT_OBJC_ISA_USAGE = YES_ERROR;
				CLANG_WARN_EMPTY_BODY = YES;
				CLANG_WARN_ENUM_CONVERSION = YES;
				CLANG_WARN_INT_CONVERSION = YES;
				CLANG_WARN_OBJC_ROOT_CLASS = YES_ERROR;
				CLANG_WARN_UNREACHABLE_CODE = YES;
				CLANG_WARN__DUPLICATE_METHOD_MATCH = YES;
				"CODE_SIGN_IDENTITY[sdk=iphoneos*]" = "iPhone Developer";
				COPY_PHASE_STRIP = NO;
				DEBUG_INFORMATION_FORMAT = "dwarf-with-dsym";
				ENABLE_STRICT_OBJC_MSGSEND = YES;
				GCC_C_LANGUAGE_STANDARD = gnu99;
				GCC_DYNAMIC_NO_PIC = NO;
				GCC_NO_COMMON_BLOCKS = YES;
				GCC_OPTIMIZATION_LEVEL = 0;
				GCC_PREPROCESSOR_DEFINITIONS = (
					"DEBUG=1",
					"$(inherited)",
				);
				GCC_SYMBOLS_PRIVATE_EXTERN = NO;
				GCC_WARN_64_TO_32_BIT_CONVERSION = YES;
				GCC_WARN_ABOUT_RETURN_TYPE = YES_ERROR;
				GCC_WARN_UNDECLARED_SELECTOR = YES;
				GCC_WARN_UNINITIALIZED_AUTOS = YES_AGGRESSIVE;
				GCC_WARN_UNUSED_FUNCTION = YES;
				GCC_WARN_UNUSED_VARIABLE = YES;
				IPHONEOS_DEPLOYMENT_TARGET = 8.3;
				MTL_ENABLE_DEBUG_INFO = YES;
				ONLY_ACTIVE_ARCH = YES;
				SDKROOT = iphoneos;
			};
			name = Debug;
		};
		018FAB121B2EF48E00AB31F1 /* Release */ = {
			isa = XCBuildConfiguration;
			buildSettings = {
				ALWAYS_SEARCH_USER_PATHS = NO;
				CLANG_CXX_LANGUAGE_STANDARD = "gnu++0x";
				CLANG_CXX_LIBRARY = "libc++";
				CLANG_ENABLE_MODULES = YES;
				CLANG_ENABLE_OBJC_ARC = YES;
				CLANG_WARN_BOOL_CONVERSION = YES;
				CLANG_WARN_CONSTANT_CONVERSION = YES;
				CLANG_WARN_DIRECT_OBJC_ISA_USAGE = YES_ERROR;
				CLANG_WARN_EMPTY_BODY = YES;
				CLANG_WARN_ENUM_CONVERSION = YES;
				CLANG_WARN_INT_CONVERSION = YES;
				CLANG_WARN_OBJC_ROOT_CLASS = YES_ERROR;
				CLANG_WARN_UNREACHABLE_CODE = YES;
				CLANG_WARN__DUPLICATE_METHOD_MATCH = YES;
				"CODE_SIGN_IDENTITY[sdk=iphoneos*]" = "iPhone Developer";
				COPY_PHASE_STRIP = NO;
				DEBUG_INFORMATION_FORMAT = "dwarf-with-dsym";
				ENABLE_NS_ASSERTIONS = NO;
				ENABLE_STRICT_OBJC_MSGSEND = YES;
				GCC_C_LANGUAGE_STANDARD = gnu99;
				GCC_NO_COMMON_BLOCKS = YES;
				GCC_WARN_64_TO_32_BIT_CONVERSION = YES;
				GCC_WARN_ABOUT_RETURN_TYPE = YES_ERROR;
				GCC_WARN_UNDECLARED_SELECTOR = YES;
				GCC_WARN_UNINITIALIZED_AUTOS = YES_AGGRESSIVE;
				GCC_WARN_UNUSED_FUNCTION = YES;
				GCC_WARN_UNUSED_VARIABLE = YES;
				IPHONEOS_DEPLOYMENT_TARGET = 8.3;
				MTL_ENABLE_DEBUG_INFO = NO;
				SDKROOT = iphoneos;
				VALIDATE_PRODUCT = YES;
			};
			name = Release;
		};
		018FAB141B2EF48E00AB31F1 /* Debug */ = {
			isa = XCBuildConfiguration;
			buildSettings = {
				ASSETCATALOG_COMPILER_APPICON_NAME = AppIcon;
				INFOPLIST_FILE = RottenTomatoes/Info.plist;
				LD_RUNPATH_SEARCH_PATHS = "$(inherited) @executable_path/Frameworks";
				PRODUCT_NAME = "$(TARGET_NAME)";
			};
			name = Debug;
		};
		018FAB151B2EF48E00AB31F1 /* Release */ = {
			isa = XCBuildConfiguration;
			buildSettings = {
				ASSETCATALOG_COMPILER_APPICON_NAME = AppIcon;
				INFOPLIST_FILE = RottenTomatoes/Info.plist;
				LD_RUNPATH_SEARCH_PATHS = "$(inherited) @executable_path/Frameworks";
				PRODUCT_NAME = "$(TARGET_NAME)";
			};
			name = Release;
		};
		018FAB171B2EF48E00AB31F1 /* Debug */ = {
			isa = XCBuildConfiguration;
			buildSettings = {
				BUNDLE_LOADER = "$(TEST_HOST)";
				FRAMEWORK_SEARCH_PATHS = (
					"$(SDKROOT)/Developer/Library/Frameworks",
					"$(inherited)",
				);
				GCC_PREPROCESSOR_DEFINITIONS = (
					"DEBUG=1",
					"$(inherited)",
				);
				INFOPLIST_FILE = RottenTomatoesTests/Info.plist;
				LD_RUNPATH_SEARCH_PATHS = "$(inherited) @executable_path/Frameworks @loader_path/Frameworks";
				PRODUCT_NAME = "$(TARGET_NAME)";
				TEST_HOST = "$(BUILT_PRODUCTS_DIR)/RottenTomatoes.app/RottenTomatoes";
			};
			name = Debug;
		};
		018FAB181B2EF48E00AB31F1 /* Release */ = {
			isa = XCBuildConfiguration;
			buildSettings = {
				BUNDLE_LOADER = "$(TEST_HOST)";
				FRAMEWORK_SEARCH_PATHS = (
					"$(SDKROOT)/Developer/Library/Frameworks",
					"$(inherited)",
				);
				INFOPLIST_FILE = RottenTomatoesTests/Info.plist;
				LD_RUNPATH_SEARCH_PATHS = "$(inherited) @executable_path/Frameworks @loader_path/Frameworks";
				PRODUCT_NAME = "$(TARGET_NAME)";
				TEST_HOST = "$(BUILT_PRODUCTS_DIR)/RottenTomatoes.app/RottenTomatoes";
			};
			name = Release;
		};
/* End XCBuildConfiguration section */

/* Begin XCConfigurationList section */
		018FAAEB1B2EF48E00AB31F1 /* Build configuration list for PBXProject "RottenTomatoes" */ = {
			isa = XCConfigurationList;
			buildConfigurations = (
				018FAB111B2EF48E00AB31F1 /* Debug */,
				018FAB121B2EF48E00AB31F1 /* Release */,
			);
			defaultConfigurationIsVisible = 0;
			defaultConfigurationName = Release;
		};
		018FAB131B2EF48E00AB31F1 /* Build configuration list for PBXNativeTarget "RottenTomatoes" */ = {
			isa = XCConfigurationList;
			buildConfigurations = (
				018FAB141B2EF48E00AB31F1 /* Debug */,
				018FAB151B2EF48E00AB31F1 /* Release */,
			);
			defaultConfigurationIsVisible = 0;
		};
		018FAB161B2EF48E00AB31F1 /* Build configuration list for PBXNativeTarget "RottenTomatoesTests" */ = {
			isa = XCConfigurationList;
			buildConfigurations = (
				018FAB171B2EF48E00AB31F1 /* Debug */,
				018FAB181B2EF48E00AB31F1 /* Release */,
			);
			defaultConfigurationIsVisible = 0;
		};
/* End XCConfigurationList section */
	};
	rootObject = 018FAAE81B2EF48E00AB31F1 /* Project object */;
}
